github.com/suhasbagade/common-lib v0.0.0-20201024080216-f8829fb40ea7 h1:GqDWZSMVlkH6mgIYa32n9Cx/RQ6Dri2NIFmCcDRGPus=
github.com/suhasbagade/common-lib v0.0.0-20201024080216-f8829fb40ea7/go.mod h1:dKGGh9riujMNjz2tTnCvflxMI3OubHb+vBQDSA7log0=
github.com/suhasbagade/common-lib v0.0.1 h1:9mOqSad0ZvBTAsFAyV4VRpjMlwFuq9a/Y5i3O4m2MDk=
github.com/suhasbagade/common-lib v0.0.1/go.mod h1:dKGGh9riujMNjz2tTnCvflxMI3OubHb+vBQDSA7log0=
